{
  "name": "introJsProg",
  "version": "1.0.0",
  "lockfileVersion": 1,
  "requires": true,
  "dependencies": {
    "@types/underscore": {
      "version": "1.8.1",
      "resolved": "https://registry.npmjs.org/@types/underscore/-/underscore-1.8.1.tgz",
      "integrity": "sha512-YTCb4ZpdBZFdJoqxqH1lOZBL3HCcrj8654QFFFikaOvgnMVOxl6kGp9RLnz5XiUMJVloY3UZF77JVaKX4Cgm5w=="
    },
    "typescript": {
      "version": "2.4.2",
      "resolved": "https://registry.npmjs.org/typescript/-/typescript-2.4.2.tgz",
      "integrity": "sha1-+DlfhdRZJ2BnyYiqQYN6j4KHCEQ="
    },
    "underscore": {
      "version": "1.8.3",
      "resolved": "https://registry.npmjs.org/underscore/-/underscore-1.8.3.tgz",
      "integrity": "sha1-Tz+1OxBuYJf8+ctBCfKl6b36UCI="
    }
  }
}
